
Microsoft Visual Studio Solution File, Format Version 12.00
# Visual Studio Version 17
VisualStudioVersion = 17.14.36203.30 d17.14
MinimumVisualStudioVersion = 10.0.40219.1
Project("{FAE04EC0-301F-11D3-BF4B-00C04F79EFBC}") = "JsonToHtmlConverter", "JsonToHtmlConverter\JsonToHtmlConverter.csproj", "{E37BDCEC-CCEF-4567-9661-158C79DD3506}"
EndProject
Global
	GlobalSection(SolutionConfigurationPlatforms) = preSolution
		Debug|Any CPU = Debug|Any CPU
		Release|Any CPU = Release|Any CPU
	EndGlobalSection
	GlobalSection(ProjectConfigurationPlatforms) = postSolution
		{E37BDCEC-CCEF-4567-9661-158C79DD3506}.Debug|Any CPU.ActiveCfg = Debug|Any CPU
		{E37BDCEC-CCEF-4567-9661-158C79DD3506}.Debug|Any CPU.Build.0 = Debug|Any CPU
		{E37BDCEC-CCEF-4567-9661-158C79DD3506}.Release|Any CPU.ActiveCfg = Release|Any CPU
		{E37BDCEC-CCEF-4567-9661-158C79DD3506}.Release|Any CPU.Build.0 = Release|Any CPU
	EndGlobalSection
	GlobalSection(SolutionProperties) = preSolution
		HideSolutionNode = FALSE
	EndGlobalSection
	GlobalSection(ExtensibilityGlobals) = postSolution
		SolutionGuid = {9067125D-C52F-434B-9491-4BF8C4166FBE}
	EndGlobalSection
EndGlobal
